
Microsoft Visual Studio Solution File, Format Version 12.00
# Visual Studio Version 16
VisualStudioVersion = 16.0.29911.84
MinimumVisualStudioVersion = 10.0.40219.1
Project("{9A19103F-16F7-4668-BE54-9A1E7A4F7556}") = "RoslynToTS", "RoslynToTS\RoslynToTS.csproj", "{E4A8A2B6-EF30-499F-86E4-696D0A83B0ED}"
EndProject
Project("{9A19103F-16F7-4668-BE54-9A1E7A4F7556}") = "TestApi", "TestApi\TestApi.csproj", "{C252FAFE-8C2A-4D90-A4EB-95D9F6067468}"
EndProject
Project("{FAE04EC0-301F-11D3-BF4B-00C04F79EFBC}") = "TestRoslyn", "TestRoslyn\TestRoslyn.csproj", "{E72D3065-A385-4A60-93AC-91D330E5CEFB}"
EndProject
Global
	GlobalSection(SolutionConfigurationPlatforms) = preSolution
		Debug|Any CPU = Debug|Any CPU
		Release|Any CPU = Release|Any CPU
	EndGlobalSection
	GlobalSection(ProjectConfigurationPlatforms) = postSolution
		{E4A8A2B6-EF30-499F-86E4-696D0A83B0ED}.Debug|Any CPU.ActiveCfg = Debug|Any CPU
		{E4A8A2B6-EF30-499F-86E4-696D0A83B0ED}.Debug|Any CPU.Build.0 = Debug|Any CPU
		{E4A8A2B6-EF30-499F-86E4-696D0A83B0ED}.Release|Any CPU.ActiveCfg = Release|Any CPU
		{E4A8A2B6-EF30-499F-86E4-696D0A83B0ED}.Release|Any CPU.Build.0 = Release|Any CPU
		{C252FAFE-8C2A-4D90-A4EB-95D9F6067468}.Debug|Any CPU.ActiveCfg = Debug|Any CPU
		{C252FAFE-8C2A-4D90-A4EB-95D9F6067468}.Debug|Any CPU.Build.0 = Debug|Any CPU
		{C252FAFE-8C2A-4D90-A4EB-95D9F6067468}.Release|Any CPU.ActiveCfg = Release|Any CPU
		{C252FAFE-8C2A-4D90-A4EB-95D9F6067468}.Release|Any CPU.Build.0 = Release|Any CPU
		{E72D3065-A385-4A60-93AC-91D330E5CEFB}.Debug|Any CPU.ActiveCfg = Debug|Any CPU
		{E72D3065-A385-4A60-93AC-91D330E5CEFB}.Debug|Any CPU.Build.0 = Debug|Any CPU
		{E72D3065-A385-4A60-93AC-91D330E5CEFB}.Release|Any CPU.ActiveCfg = Release|Any CPU
		{E72D3065-A385-4A60-93AC-91D330E5CEFB}.Release|Any CPU.Build.0 = Release|Any CPU
	EndGlobalSection
	GlobalSection(SolutionProperties) = preSolution
		HideSolutionNode = FALSE
	EndGlobalSection
	GlobalSection(ExtensibilityGlobals) = postSolution
		SolutionGuid = {9351BF23-2817-41CC-95C8-E208DFC359BB}
	EndGlobalSection
EndGlobal
